# This file was autogenerated by uv via the following command:
#    uv pip compile tools/flo154-analyzer/requirements.in --python-version 3.12 --generate-hashes --universal --output-file tools/flo154-analyzer/requirements.lock
anyio==4.14.2 \
    --hash=sha256:9f505dda5ac9f0c8309b5e8bd445a8c2bf7246f3ce950121e45ea15bc41d1494 \
    --hash=sha256:cfa139f3ed1a23ee8f88a145ddb5ac7605b8bbfd8592baacd7ce3d8bb4313c7f
    # via httpx
av==18.0.0 \
    --hash=sha256:0f65518a184613e41536f29e8758c8e3d8293e46bf5bef108f04f925bbfa3f44 \
    --hash=sha256:149289d40e732a6e49c9530bc245b49d9964cfd1c8c9e06778703b7d5bba6b25 \
    --hash=sha256:30404f53ca1ea7f350ac86ff22a2c04f903014758e9b33f398c5a62de34bd84f \
    --hash=sha256:35274c20d2ad3b4774fe632bcef2e34af79858ddf899352339cc3babbc13a484 \
    --hash=sha256:4d683b7747a0ba9222b8a5f81e41db5f796e7f64473454ec4fe2548e083c2fa0 \
    --hash=sha256:4ef7e72c3d3a872584a1215173b16e0226811037f40dcdbf75992631098df1ba \
    --hash=sha256:55a646e9afce9fdc5de5224205a8a12c7ed1ba9803145dcc876c40bfc03a109b \
    --hash=sha256:613153e48cefc91700746dde0ad0282d4677b194cba22cc771de14c78411cf8b \
    --hash=sha256:6882a48f7aec2863c96cddee3256ff2da98f7fb6cbed83cee9d7e70a8f186a6b \
    --hash=sha256:88ce194c2201c6a6d40336adee8a5ddde46ed743eacb500e3ae9368d1c6d889e \
    --hash=sha256:88dd8e35e9242662b409a6a05fd24a6775d949eb05da0ba31cab4f250eacbab5 \
    --hash=sha256:96f594ff506a09475e5549359352332049a25d37a08f00b4623f7f6e92e45b9c \
    --hash=sha256:aa15e567a018cc94a26b0ab45da676dee70c4146ace6e92e47d30cc9689cbfbe \
    --hash=sha256:aaf4d354d2beaa6651e4f92e54409a578bde64f79c0beef9a30b388d06f7c629 \
    --hash=sha256:adac2b3833b6cb9bd6cb52664a522b94db453615b3675b1dbb26e13fe1c80da6 \
    --hash=sha256:ae56b40b6f8b067a8ad2dac664fbfbabac7f7a55b9a7bb031eb99289252bc017 \
    --hash=sha256:ea2e8ebbce521f21b55df9400e00d721623c9020ef158f5a188a96130be0743f \
    --hash=sha256:ef96dabb3e50dac249913145dff5424b302b257fd95dcb64be3c7b7a8aef16d1 \
    --hash=sha256:f8f454349c402e2c8d6fa80b54eb2a3f86c00f414d2b399f01ae6dab075c6fd8
    # via faster-whisper
certifi==2026.7.22 \
    --hash=sha256:62f22742b58a1a33014a2b6b706588a8d7e2a88ae7bd1a6ebe8c992928483775 \
    --hash=sha256:741e2c3b351ddf169a738da9f2c048608ff7f2c5cc02f1ebc6b118bb090d5d55
    # via
    #   httpcore
    #   httpx
click==8.4.2 \
    --hash=sha256:9a6cea6e60b17ebe0a44c5cc636d94f09bd66142c1cd7d8b4cd731c4917a15f6 \
    --hash=sha256:e6f9f66136c816745b9d65817da91d61d957fb16e02e4dcd0552553c5a197b76
    # via huggingface-hub
colorama==0.4.6 ; sys_platform == 'win32' \
    --hash=sha256:08695f5cb7ed6e0531a20572697297273c47b8cae5a63ffc6d6ed5c201be6e44 \
    --hash=sha256:4f1d9991f5acc0ca119f9d443620b77f9d6b33703e51011c16baf57afb285fc6
    # via
    #   click
    #   tqdm
ctranslate2==4.8.1 \
    --hash=sha256:0030670278a73cae09dff9bca72cdd248af61f9367257f18db9b3b94fbb3a50d \
    --hash=sha256:079976cbce3a68de04bf9948d08c96beb86df44e5cd2974e4187bc9c9bb388f3 \
    --hash=sha256:12dbb5b756d0614d3943aa27b36da242ce173e9d21d90c7ec59592654f56105c \
    --hash=sha256:1910752ec541980644191fa3b407bc61dee00e88070b0aed29b4cef75010b3ea \
    --hash=sha256:2665cee79ba69a5f5f9a71b7821988f032ff13feab23fb2390b7b0399bf2a11e \
    --hash=sha256:4242a7f8e285f922525f4cffd5b1fb43cbacc61d0611cf54832e9c447d030840 \
    --hash=sha256:449ab612cdbc8615776b36bfa88fc1daa2d8d17e32a938bffac4743a79f80cba \
    --hash=sha256:49f96e861b57301f0b76a082109bde2cac8204a6b4fedc870883008271e82251 \
    --hash=sha256:4c2db633a06e3b34bbfb72fd26eee58053d9df1f9c1610ac4df3a6a1e25af7d7 \
    --hash=sha256:5ca144b93035b9f53e6d67b7cdf5802c3fffca9aa0247940eecbd4592c68ce2f \
    --hash=sha256:6a9e750fc9df4682d580891ef2b53c05f16c8da2c2b4baaa78fe8267d1dbfcfa \
    --hash=sha256:71bd3bda759726f84869bb7d1e196daf6499f0f530395fc07b6deb89fb3d908e \
    --hash=sha256:74bae0a8dc9f98c5a6100bf1c17a91782b384ea53b83e2606030ebf9f25318fe \
    --hash=sha256:7a28c5889585cd17ee3649dfd46d9002ddf50204173f8bff476b9f76d6585795 \
    --hash=sha256:82982f07a7d615d2248d17d6ec4c43cd50e534b094aa27cda62125a5e3a6e3fc \
    --hash=sha256:82e0e6eb7d4301fd79a714495c8faf34242e09542cef04c9e9794c3fe90014a1 \
    --hash=sha256:84723cae6f802551bbf2438e5e4810722631a2183b89a82c31df26566b54821d \
    --hash=sha256:85ef15ce0b2172ec471975b8a30d5c5bc71e7cffcd163ad6c07ea32f1943d940 \
    --hash=sha256:911a5cdef8a405c1804330613a1865f616eb9c092a0e932ee4648128eb20b627 \
    --hash=sha256:9de0dddd91ae68da0a7323441e90708d14b31d31cd443004dda0e1198b5bf11e \
    --hash=sha256:a2dcce0a57beee984a691d9daa8fc3fd389f5b6cada2644c34571011833bd5b1 \
    --hash=sha256:aa0e71c5f1b509f8c972e2b80fa2ef2cef7fcf3344135fd4eb997b9fd5ff5577 \
    --hash=sha256:ae3e18ee44c6ead07d86174ecb911a8445c0a531e6c40073a1a4ff6d672961cf \
    --hash=sha256:b4c3246aa4a7f309109a841ca743a72cc4abad4f93c0bf7da691023323215621 \
    --hash=sha256:ba628835e6ad4ad399261ab6cb51bf152de563e6b122a9e8eb0c61e69f925931 \
    --hash=sha256:c0a584c17f21779eb9035bcbc1ec280998f90b36725b70a5ff911f33e343199a \
    --hash=sha256:c90eb0bd67b6bb183712cc3fd14bf01ec4f622cd625c5b33cc6c56be7d1c9c34 \
    --hash=sha256:c989f747789e8619cbc2e06443b3674c31bc71bad0369652485bd894b627360a \
    --hash=sha256:d52499f05a60a791aeadee28d609efa130142f376d1ea76b2b1c593bb01f8827 \
    --hash=sha256:d5fe13a18dfecb9d5a23d2d5cfa0f21db37aff18c46a2b1fe16495a11f1799b3 \
    --hash=sha256:dacc408f716ebc73b3b3c6ddd937700e776c4c68b6d9c81862990150ff0f6af6 \
    --hash=sha256:dc9f1abef55579cc02cdc74b3a55df38491ec56d177d6e6039609d61d09ed30e \
    --hash=sha256:e3e3aef4670a6c8dcea367401675f82b49b02c18f5837221bcd7cca90b1707a8 \
    --hash=sha256:e42ce3affb03ffc661e8f35d6e7845f16e6463884b9ba7857396d649520da819 \
    --hash=sha256:f3172c29470c1280ebb9f4a53aa4a913650e091f95740c732cd13b4b910c734d
    # via faster-whisper
faster-whisper==1.2.1 \
    --hash=sha256:79a66ad50688c0b794dd501dc340a736992a6342f7f95e5811be60b5224a26a7
    # via -r tools/flo154-analyzer/requirements.in
filelock==3.32.2 \
    --hash=sha256:87dd94cf281e586d135fa51132b8e3d9a598b316e90377a288663c9321036c82 \
    --hash=sha256:c33351e1f49cae33414acbc6d56784e6ecee82514ec90795da1161fc4836b5b8
    # via huggingface-hub
flatbuffers==25.12.19 \
    --hash=sha256:7634f50c427838bb021c2d66a3d1168e9d199b0607e6329399f04846d42e20b4
    # via onnxruntime
fsspec==2026.7.0 \
    --hash=sha256:b57ddbafedfaef7018c1ecab32aa200a9d7ca26b77965f64e48b70061249d279 \
    --hash=sha256:c803c40f4cf860b49dea58ee3e1c33cb9c790520e233537e1340049f89b82a88
    # via huggingface-hub
h11==0.16.0 \
    --hash=sha256:4e35b956cf45792e4caa5885e69fba00bdbc6ffafbfa020300e549b208ee5ff1 \
    --hash=sha256:63cf8bbe7522de3bf65932fda1d9c2772064ffb3dae62d55932da54b31cb6c86
    # via httpcore
hf-xet==1.5.2 ; platform_machine == 'AMD64' or platform_machine == 'aarch64' or platform_machine == 'amd64' or platform_machine == 'arm64' or platform_machine == 'x86_64' \
    --hash=sha256:045f84440c55cdeb659cf1a1dd48c77bcd0d2e93632e2fea8f2c3bdee79f38ed \
    --hash=sha256:1da28519496eb7c8094c11e4d25509b4a468457a0302d58136099db2fd9a671d \
    --hash=sha256:4a5ecb9cda8512ba2aa8ee5d37c87a1422992165892d653098c7b90247481c3b \
    --hash=sha256:580e59e29bf37aece1f2b68537de1e3fb04f43a23d910dcf6f128280b5bfbba4 \
    --hash=sha256:6395cfe3c9cbead4f16b31808b0e67eac428b66c656f856e99636adaddea878f \
    --hash=sha256:73044bd31bae33c984af832d19c752a0dffb67518fee9ddbd91d616e1101cf47 \
    --hash=sha256:7db73c810500c54c6760be8c39d4b2e476974de85424c50063efc22fdda13025 \
    --hash=sha256:8764488197c1d7b1378c8438c18d2eea902e150dbca0b0f0d2d32603fb9b5576 \
    --hash=sha256:8d7446f72abbf7e01ca5ff131786bc2e74a56393462c17a6bf1e303fbab81db4 \
    --hash=sha256:bee28c619622d36968056532fd49cf2b35ca75099b1d616c31a618a893491380 \
    --hash=sha256:cde8cd167126bb6109b2ceb19b844433a4988643e8f3e01dd9dd0e4a34535097 \
    --hash=sha256:d6f9c58549407b84b9a5383afd68db0acc42345326a3159990b36a5ca8a20e4e \
    --hash=sha256:db78c39c83d6279daddc98e2238f373ab8980685556d42472b4ec51abcf03e8c \
    --hash=sha256:e396ab0faf6298199ad7a95305c3ca8498cb825978a6485be6d00587ee4ec577 \
    --hash=sha256:ecf63d1cb69a9a7319910f8f83fcf9b46e7a32dfcf4b8f8eeddb55f647306e65 \
    --hash=sha256:f922b8f5fb84f1dd3d7ab7a1316354a1bca9b1c73ecfc19c76e51a2a49d29799 \
    --hash=sha256:fd3add255549e8ef58fa35b2e42dc016961c050600444e7d77d030ba6b57120e
    # via huggingface-hub
httpcore==1.0.9 \
    --hash=sha256:2d400746a40668fc9dec9810239072b40b4484b640a8c38fd654a024c7a1bf55 \
    --hash=sha256:6e34463af53fd2ab5d807f399a9b45ea31c3dfa2276f15a2c3f00afff6e176e8
    # via httpx
httpx==0.28.1 \
    --hash=sha256:75e98c5f16b0f35b567856f597f06ff2270a374470a5c2392242528e3e3e42fc \
    --hash=sha256:d909fcccc110f8c7faf814ca82a9a4d816bc5a6dbfea25d6591d6985b8ba59ad
    # via huggingface-hub
huggingface-hub==1.26.0 \
    --hash=sha256:c8cd4e2df1ba9402f77fce9b509ec1d52debb502551789473f34016acc14e361 \
    --hash=sha256:e8cca670caa5d8dfa7e45bf45e86b466698198cd8150c021bcdb4a86b9252364
    # via
    #   faster-whisper
    #   tokenizers
idna==3.18 \
    --hash=sha256:7f952cbe720b688055e3f87de14f5c3e5fdaa8bc3928985c4077ca689de849a2 \
    --hash=sha256:ffb385a7e039654cef1ab9ef32c6fafe283c0c0467bba1d9029738ce4a14a848
    # via
    #   anyio
    #   httpx
numpy==2.2.6 \
    --hash=sha256:038613e9fb8c72b0a41f025a7e4c3f0b7a1b5d768ece4796b674c8f3fe13efff \
    --hash=sha256:0678000bb9ac1475cd454c6b8c799206af8107e310843532b04d49649c717a47 \
    --hash=sha256:0811bb762109d9708cca4d0b13c4f67146e3c3b7cf8d34018c722adb2d957c84 \
    --hash=sha256:0b605b275d7bd0c640cad4e5d30fa701a8d59302e127e5f79138ad62762c3e3d \
    --hash=sha256:0bca768cd85ae743b2affdc762d617eddf3bcf8724435498a1e80132d04879e6 \
    --hash=sha256:1bc23a79bfabc5d056d106f9befb8d50c31ced2fbc70eedb8155aec74a45798f \
    --hash=sha256:287cc3162b6f01463ccd86be154f284d0893d2b3ed7292439ea97eafa8170e0b \
    --hash=sha256:37c0ca431f82cd5fa716eca9506aefcabc247fb27ba69c5062a6d3ade8cf8f49 \
    --hash=sha256:37e990a01ae6ec7fe7fa1c26c55ecb672dd98b19c3d0e1d1f326fa13cb38d163 \
    --hash=sha256:389d771b1623ec92636b0786bc4ae56abafad4a4c513d36a55dce14bd9ce8571 \
    --hash=sha256:3d70692235e759f260c3d837193090014aebdf026dfd167834bcba43e30c2a42 \
    --hash=sha256:41c5a21f4a04fa86436124d388f6ed60a9343a6f767fced1a8a71c3fbca038ff \
    --hash=sha256:481b49095335f8eed42e39e8041327c05b0f6f4780488f61286ed3c01368d491 \
    --hash=sha256:4eeaae00d789f66c7a25ac5f34b71a7035bb474e679f410e5e1a94deb24cf2d4 \
    --hash=sha256:55a4d33fa519660d69614a9fad433be87e5252f4b03850642f88993f7b2ca566 \
    --hash=sha256:5a6429d4be8ca66d889b7cf70f536a397dc45ba6faeb5f8c5427935d9592e9cf \
    --hash=sha256:5bd4fc3ac8926b3819797a7c0e2631eb889b4118a9898c84f585a54d475b7e40 \
    --hash=sha256:5beb72339d9d4fa36522fc63802f469b13cdbe4fdab4a288f0c441b74272ebfd \
    --hash=sha256:6031dd6dfecc0cf9f668681a37648373bddd6421fff6c66ec1624eed0180ee06 \
    --hash=sha256:71594f7c51a18e728451bb50cc60a3ce4e6538822731b2933209a1f3614e9282 \
    --hash=sha256:74d4531beb257d2c3f4b261bfb0fc09e0f9ebb8842d82a7b4209415896adc680 \
    --hash=sha256:7befc596a7dc9da8a337f79802ee8adb30a552a94f792b9c9d18c840055907db \
    --hash=sha256:894b3a42502226a1cac872f840030665f33326fc3dac8e57c607905773cdcde3 \
    --hash=sha256:8e41fd67c52b86603a91c1a505ebaef50b3314de0213461c7a6e99c9a3beff90 \
    --hash=sha256:8e9ace4a37db23421249ed236fdcdd457d671e25146786dfc96835cd951aa7c1 \
    --hash=sha256:8fc377d995680230e83241d8a96def29f204b5782f371c532579b4f20607a289 \
    --hash=sha256:9551a499bf125c1d4f9e250377c1ee2eddd02e01eac6644c080162c0c51778ab \
    --hash=sha256:b0544343a702fa80c95ad5d3d608ea3599dd54d4632df855e4c8d24eb6ecfa1c \
    --hash=sha256:b093dd74e50a8cba3e873868d9e93a85b78e0daf2e98c6797566ad8044e8363d \
    --hash=sha256:b412caa66f72040e6d268491a59f2c43bf03eb6c96dd8f0307829feb7fa2b6fb \
    --hash=sha256:b4f13750ce79751586ae2eb824ba7e1e8dba64784086c98cdbbcc6a42112ce0d \
    --hash=sha256:b64d8d4d17135e00c8e346e0a738deb17e754230d7e0810ac5012750bbd85a5a \
    --hash=sha256:ba10f8411898fc418a521833e014a77d3ca01c15b0c6cdcce6a0d2897e6dbbdf \
    --hash=sha256:bd48227a919f1bafbdda0583705e547892342c26fb127219d60a5c36882609d1 \
    --hash=sha256:c1f9540be57940698ed329904db803cf7a402f3fc200bfe599334c9bd84a40b2 \
    --hash=sha256:c820a93b0255bc360f53eca31a0e676fd1101f673dda8da93454a12e23fc5f7a \
    --hash=sha256:ce47521a4754c8f4593837384bd3424880629f718d87c5d44f8ed763edd63543 \
    --hash=sha256:d042d24c90c41b54fd506da306759e06e568864df8ec17ccc17e9e884634fd00 \
    --hash=sha256:de749064336d37e340f640b05f24e9e3dd678c57318c7289d222a8a2f543e90c \
    --hash=sha256:e1dda9c7e08dc141e0247a5b8f49cf05984955246a327d4c48bda16821947b2f \
    --hash=sha256:e29554e2bef54a90aa5cc07da6ce955accb83f21ab5de01a62c8478897b264fd \
    --hash=sha256:e3143e4451880bed956e706a3220b4e5cf6172ef05fcc397f6f36a550b1dd868 \
    --hash=sha256:e8213002e427c69c45a52bbd94163084025f533a55a59d6f9c5b820774ef3303 \
    --hash=sha256:efd28d4e9cd7d7a8d39074a4d44c63eda73401580c5c76acda2ce969e0a38e83 \
    --hash=sha256:f0fd6321b839904e15c46e0d257fdd101dd7f530fe03fd6359c1ea63738703f3 \
    --hash=sha256:f1372f041402e37e5e633e586f62aa53de2eac8d98cbfb822806ce4bbefcb74d \
    --hash=sha256:f2618db89be1b4e05f7a1a847a9c1c0abd63e63a1607d892dd54668dd92faf87 \
    --hash=sha256:f447e6acb680fd307f40d3da4852208af94afdfab89cf850986c3ca00562f4fa \
    --hash=sha256:f92729c95468a2f4f15e9bb94c432a9229d0d50de67304399627a943201baa2f \
    --hash=sha256:f9f1adb22318e121c5c69a09142811a201ef17ab257a1e66ca3025065b7f53ae \
    --hash=sha256:fc0c5673685c508a142ca65209b4e79ed6740a4ed6b2267dbba90f34b0b3cfda \
    --hash=sha256:fc7b73d02efb0e18c000e9ad8b83480dfcd5dfd11065997ed4c6747470ae8915 \
    --hash=sha256:fd83c01228a688733f1ded5201c678f0c53ecc1006ffbc404db9f7a899ac6249 \
    --hash=sha256:fe27749d33bb772c80dcd84ae7e8df2adc920ae8297400dabec45f0dedb3f6de \
    --hash=sha256:fee4236c876c4e8369388054d02d0e9bb84821feb1a64dd59e137e6511a551f8
    # via
    #   -r tools/flo154-analyzer/requirements.in
    #   ctranslate2
    #   onnxruntime
    #   opencv-python-headless
onnxruntime==1.28.0 \
    --hash=sha256:07fb3cbe990d6bf0ab3c22bfbbfb0e314151266046ea6edb4a07f556b4258c5f \
    --hash=sha256:0a83bdb70d143cede762b677789bf2a7acca54b3fb82565601d5c30695aa933c \
    --hash=sha256:0d650aeee29368414367b65529e90afe4bf1bab76254789063b8b2f7ea3013c8 \
    --hash=sha256:0faf85fb447a663c9cdadc39bd6b19bdf7bedded6699e45731b9b36c46fd993d \
    --hash=sha256:1a1a19175464665c9b8d50bc916f216cc0b569110045b7bbca8f9f290b186f58 \
    --hash=sha256:26ff0fdd06efb6c155bae95387a09db1a2be89c7a03e4d0bffd5a171cc2826da \
    --hash=sha256:31410f544674f534c2f27348af52ef81682ca9c8719154bf4d48f0ef23823b1e \
    --hash=sha256:4e81a23df16e7acb9d51b06d30cc098e49315ef9180f97bc2221d167b4b04d9c \
    --hash=sha256:4f6e92367ddce1e4d33cf295024f40192be6c6171a09208f515ba169ced06c8e \
    --hash=sha256:54fa221d669282bd8f582708ce4c96010a7e9fb0661f9006b37fe2fedafb73fe \
    --hash=sha256:6afdc83f1317c136e92fc29f5ee9f058de59d87c0b22cee3fdbfbaa0ccc2098a \
    --hash=sha256:8adff67a3f28257b37cfe945a7e952e4122666aa8c91a0380862e9fd4c2ed19f \
    --hash=sha256:8d66f9ceb29909c70839e4e4fb3435c7b490050d8f162bd5f3aba4ca01ee517f \
    --hash=sha256:a166b78ee04f3a37fa1ef82034b6a3ce96d9684e582d4d30b296de83e9998bb5 \
    --hash=sha256:ac301f53b1930402fc46c368e268acfed02f3207272aaff05070d7e09f96f031 \
    --hash=sha256:bc2565e487b4896fb988d6383577d875d958e071fc5f6c3550bd5d02ae98264b \
    --hash=sha256:c35064f9b3c43c81c5d5d282091401d0f1ff22796d93ccade4ea2ece5e137ab8 \
    --hash=sha256:cfab507abe09d6ffeb817eee07944d452fdc0b00fdcef34cab4db10a45e378c7 \
    --hash=sha256:e02feeb0165c5f13b4cc954738078d59b90128516ac12b671ee24a530242bf02 \
    --hash=sha256:e562d6e36a749f6764481c0ddb0f2af3d0b5a3c164291361d08803c557f369af \
    --hash=sha256:f2a3b9e30ce880d4ca54999cb313569e36da4f62eefe25f87be18f43e9a3a4d5 \
    --hash=sha256:f5c5daabd28aad610f83fdcf32acec8fb57e6adc6c6a39fe2a3c755db957b410 \
    --hash=sha256:f649dd6f6452d12a8059888aa489fe519e062e18793dac72b9efa0f9fdb64135 \
    --hash=sha256:f7f022a1103cae591c75fc4565589a515f2ddd14a6ac8e8a05812dfeda142e28
    # via faster-whisper
opencv-python-headless==4.12.0.88 \
    --hash=sha256:1e58d664809b3350c1123484dd441e1667cd7bed3086db1b9ea1b6f6cb20b50e \
    --hash=sha256:236c8df54a90f4d02076e6f9c1cc763d794542e886c576a6fee46ec8ff75a7a9 \
    --hash=sha256:365bb2e486b50feffc2d07a405b953a8f3e8eaa63865bc650034e5c71e7a5154 \
    --hash=sha256:86b413bdd6c6bf497832e346cd5371995de148e579b9774f8eba686dee3f5528 \
    --hash=sha256:aeb4b13ecb8b4a0beb2668ea07928160ea7c2cd2d9b5ef571bbee6bafe9cc8d0 \
    --hash=sha256:cfdc017ddf2e59b6c2f53bc12d74b6b0be7ded4ec59083ea70763921af2b6c09 \
    --hash=sha256:fde2cf5c51e4def5f2132d78e0c08f9c14783cd67356922182c6845b9af87dbd
    # via -r tools/flo154-analyzer/requirements.in
packaging==26.2 \
    --hash=sha256:5fc45236b9446107ff2415ce77c807cee2862cb6fac22b8a73826d0693b0980e \
    --hash=sha256:ff452ff5a3e828ce110190feff1178bb1f2ea2281fa2075aadb987c2fb221661
    # via
    #   huggingface-hub
    #   onnxruntime
protobuf==7.35.1 \
    --hash=sha256:11d6b0ec246892d85215b0a13ca6e0233cf5284b68f0ac02646427f4ff88a799 \
    --hash=sha256:230a75ddfc2de4806e56696ce9640c1cdfdb6543b7cfce98d42a4c0a0e7bdb87 \
    --hash=sha256:24f857477359a85c0c235261b8ba905fd51b2562f4a64ca1df5473f29850cbf6 \
    --hash=sha256:353652e4efd0bca5b5fc2656abf8307ef351f0cf938c9eba09f0e09c20a25c30 \
    --hash=sha256:4bc97768d8fe4ad6743c8a19403e314511ed9f6d13205b687e52421c023ac1b9 \
    --hash=sha256:74758715c53d7158fb76caf4f0cfdacc5329a4b1bb994f865d6cf302d413a1c4 \
    --hash=sha256:b73f9489a4b8b1c9cb1f8ed951c736392592edb24b9d6819f36d2e10b171d5b4 \
    --hash=sha256:ce115a26fe0c39a2c29973d914d327e516a6455464489fe3cd1e51a1b354f81a
    # via onnxruntime
pyyaml==6.0.3 \
    --hash=sha256:00c4bdeba853cc34e7dd471f16b4114f4162dc03e6b7afcc2128711f0eca823c \
    --hash=sha256:0150219816b6a1fa26fb4699fb7daa9caf09eb1999f3b70fb6e786805e80375a \
    --hash=sha256:02893d100e99e03eda1c8fd5c441d8c60103fd175728e23e431db1b589cf5ab3 \
    --hash=sha256:02ea2dfa234451bbb8772601d7b8e426c2bfa197136796224e50e35a78777956 \
    --hash=sha256:0f29edc409a6392443abf94b9cf89ce99889a1dd5376d94316ae5145dfedd5d6 \
    --hash=sha256:10892704fc220243f5305762e276552a0395f7beb4dbf9b14ec8fd43b57f126c \
    --hash=sha256:16249ee61e95f858e83976573de0f5b2893b3677ba71c9dd36b9cf8be9ac6d65 \
    --hash=sha256:1d37d57ad971609cf3c53ba6a7e365e40660e3be0e5175fa9f2365a379d6095a \
    --hash=sha256:1ebe39cb5fc479422b83de611d14e2c0d3bb2a18bbcb01f229ab3cfbd8fee7a0 \
    --hash=sha256:214ed4befebe12df36bcc8bc2b64b396ca31be9304b8f59e25c11cf94a4c033b \
    --hash=sha256:2283a07e2c21a2aa78d9c4442724ec1eb15f5e42a723b99cb3d822d48f5f7ad1 \
    --hash=sha256:22ba7cfcad58ef3ecddc7ed1db3409af68d023b7f940da23c6c2a1890976eda6 \
    --hash=sha256:27c0abcb4a5dac13684a37f76e701e054692a9b2d3064b70f5e4eb54810553d7 \
    --hash=sha256:28c8d926f98f432f88adc23edf2e6d4921ac26fb084b028c733d01868d19007e \
    --hash=sha256:2e71d11abed7344e42a8849600193d15b6def118602c4c176f748e4583246007 \
    --hash=sha256:34d5fcd24b8445fadc33f9cf348c1047101756fd760b4dacb5c3e99755703310 \
    --hash=sha256:37503bfbfc9d2c40b344d06b2199cf0e96e97957ab1c1b546fd4f87e53e5d3e4 \
    --hash=sha256:3c5677e12444c15717b902a5798264fa7909e41153cdf9ef7ad571b704a63dd9 \
    --hash=sha256:3ff07ec89bae51176c0549bc4c63aa6202991da2d9a6129d7aef7f1407d3f295 \
    --hash=sha256:41715c910c881bc081f1e8872880d3c650acf13dfa8214bad49ed4cede7c34ea \
    --hash=sha256:418cf3f2111bc80e0933b2cd8cd04f286338bb88bdc7bc8e6dd775ebde60b5e0 \
    --hash=sha256:44edc647873928551a01e7a563d7452ccdebee747728c1080d881d68af7b997e \
    --hash=sha256:4a2e8cebe2ff6ab7d1050ecd59c25d4c8bd7e6f400f5f82b96557ac0abafd0ac \
    --hash=sha256:4ad1906908f2f5ae4e5a8ddfce73c320c2a1429ec52eafd27138b7f1cbe341c9 \
    --hash=sha256:501a031947e3a9025ed4405a168e6ef5ae3126c59f90ce0cd6f2bfc477be31b7 \
    --hash=sha256:5190d403f121660ce8d1d2c1bb2ef1bd05b5f68533fc5c2ea899bd15f4399b35 \
    --hash=sha256:5498cd1645aa724a7c71c8f378eb29ebe23da2fc0d7a08071d89469bf1d2defb \
    --hash=sha256:5cf4e27da7e3fbed4d6c3d8e797387aaad68102272f8f9752883bc32d61cb87b \
    --hash=sha256:5e0b74767e5f8c593e8c9b5912019159ed0533c70051e9cce3e8b6aa699fcd69 \
    --hash=sha256:5ed875a24292240029e4483f9d4a4b8a1ae08843b9c54f43fcc11e404532a8a5 \
    --hash=sha256:5fcd34e47f6e0b794d17de1b4ff496c00986e1c83f7ab2fb8fcfe9616ff7477b \
    --hash=sha256:5fdec68f91a0c6739b380c83b951e2c72ac0197ace422360e6d5a959d8d97b2c \
    --hash=sha256:6344df0d5755a2c9a276d4473ae6b90647e216ab4757f8426893b5dd2ac3f369 \
    --hash=sha256:64386e5e707d03a7e172c0701abfb7e10f0fb753ee1d773128192742712a98fd \
    --hash=sha256:652cb6edd41e718550aad172851962662ff2681490a8a711af6a4d288dd96824 \
    --hash=sha256:66291b10affd76d76f54fad28e22e51719ef9ba22b29e1d7d03d6777a9174198 \
    --hash=sha256:66e1674c3ef6f541c35191caae2d429b967b99e02040f5ba928632d9a7f0f065 \
    --hash=sha256:6adc77889b628398debc7b65c073bcb99c4a0237b248cacaf3fe8a557563ef6c \
    --hash=sha256:79005a0d97d5ddabfeeea4cf676af11e647e41d81c9a7722a193022accdb6b7c \
    --hash=sha256:7c6610def4f163542a622a73fb39f534f8c101d690126992300bf3207eab9764 \
    --hash=sha256:7f047e29dcae44602496db43be01ad42fc6f1cc0d8cd6c83d342306c32270196 \
    --hash=sha256:8098f252adfa6c80ab48096053f512f2321f0b998f98150cea9bd23d83e1467b \
    --hash=sha256:850774a7879607d3a6f50d36d04f00ee69e7fc816450e5f7e58d7f17f1ae5c00 \
    --hash=sha256:8d1fab6bb153a416f9aeb4b8763bc0f22a5586065f86f7664fc23339fc1c1fac \
    --hash=sha256:8da9669d359f02c0b91ccc01cac4a67f16afec0dac22c2ad09f46bee0697eba8 \
    --hash=sha256:8dc52c23056b9ddd46818a57b78404882310fb473d63f17b07d5c40421e47f8e \
    --hash=sha256:9149cad251584d5fb4981be1ecde53a1ca46c891a79788c0df828d2f166bda28 \
    --hash=sha256:93dda82c9c22deb0a405ea4dc5f2d0cda384168e466364dec6255b293923b2f3 \
    --hash=sha256:96b533f0e99f6579b3d4d4995707cf36df9100d67e0c8303a0c55b27b5f99bc5 \
    --hash=sha256:9c57bb8c96f6d1808c030b1687b9b5fb476abaa47f0db9c0101f5e9f394e97f4 \
    --hash=sha256:9c7708761fccb9397fe64bbc0395abcae8c4bf7b0eac081e12b809bf47700d0b \
    --hash=sha256:9f3bfb4965eb874431221a3ff3fdcddc7e74e3b07799e0e84ca4a0f867d449bf \
    --hash=sha256:a33284e20b78bd4a18c8c2282d549d10bc8408a2a7ff57653c0cf0b9be0afce5 \
    --hash=sha256:a80cb027f6b349846a3bf6d73b5e95e782175e52f22108cfa17876aaeff93702 \
    --hash=sha256:b30236e45cf30d2b8e7b3e85881719e98507abed1011bf463a8fa23e9c3e98a8 \
    --hash=sha256:b3bc83488de33889877a0f2543ade9f70c67d66d9ebb4ac959502e12de895788 \
    --hash=sha256:b865addae83924361678b652338317d1bd7e79b1f4596f96b96c77a5a34b34da \
    --hash=sha256:b8bb0864c5a28024fac8a632c443c87c5aa6f215c0b126c449ae1a150412f31d \
    --hash=sha256:ba1cc08a7ccde2d2ec775841541641e4548226580ab850948cbfda66a1befcdc \
    --hash=sha256:bdb2c67c6c1390b63c6ff89f210c8fd09d9a1217a465701eac7316313c915e4c \
    --hash=sha256:c1ff362665ae507275af2853520967820d9124984e0f7466736aea23d8611fba \
    --hash=sha256:c2514fceb77bc5e7a2f7adfaa1feb2fb311607c9cb518dbc378688ec73d8292f \
    --hash=sha256:c3355370a2c156cffb25e876646f149d5d68f5e0a3ce86a5084dd0b64a994917 \
    --hash=sha256:c458b6d084f9b935061bc36216e8a69a7e293a2f1e68bf956dcd9e6cbcd143f5 \
    --hash=sha256:d0eae10f8159e8fdad514efdc92d74fd8d682c933a6dd088030f3834bc8e6b26 \
    --hash=sha256:d76623373421df22fb4cf8817020cbb7ef15c725b9d5e45f17e189bfc384190f \
    --hash=sha256:ebc55a14a21cb14062aa4162f906cd962b28e2e9ea38f9b4391244cd8de4ae0b \
    --hash=sha256:eda16858a3cab07b80edaf74336ece1f986ba330fdb8ee0d6c0d68fe82bc96be \
    --hash=sha256:ee2922902c45ae8ccada2c5b501ab86c36525b883eff4255313a253a3160861c \
    --hash=sha256:efd7b85f94a6f21e4932043973a7ba2613b059c4a000551892ac9f1d11f5baf3 \
    --hash=sha256:f7057c9a337546edc7973c0d3ba84ddcdf0daa14533c2065749c9075001090e6 \
    --hash=sha256:fa160448684b4e94d80416c0fa4aac48967a969efe22931448d853ada8baf926 \
    --hash=sha256:fc09d0aa354569bc501d4e787133afc08552722d3ab34836a80547331bb5d4a0
    # via
    #   ctranslate2
    #   huggingface-hub
setuptools==83.0.0 \
    --hash=sha256:025bccbbf0fa05b6192bc64ae1e7b16e001fd6d6d4d5de03c97b1c1ade523bef \
    --hash=sha256:29b23c360f22f414dc7336bb39178cc7bcbf6021ed2733cde173f09dba19abb3
    # via ctranslate2
tokenizers==0.23.1 \
    --hash=sha256:120468fb4c24faf0543c835a4fabafa4deb3f20a035c9b6e83d0b553a97615d4 \
    --hash=sha256:1974288a609c343774f1b897c8b482c791ab17b75ab5c8c2b1737565c1d82288 \
    --hash=sha256:1bf13402aff9bc533c89cb849ec3b412dc3fbeacc9744840e423d7bf3f7dc0e3 \
    --hash=sha256:1feeeadf865a7915adc25445dea30e9933e593c31bb96c277cee36de227c8bfa \
    --hash=sha256:5075b405006415ea148a992d093699c66eb01952bf59f4d5727089a98bda45a4 \
    --hash=sha256:53b09e85775d5187941e7bab30e941b4134ab4a7dd8c68e783d231fb7ca27c51 \
    --hash=sha256:56f3a77de629917652f876294dc9fe6bad4a0c43bc229dc72e59bb23a0f4729a \
    --hash=sha256:93120a930b919416da7cd10a2f606ac9919cc69cacae7980fa2140e277660948 \
    --hash=sha256:9d10a6d957ef01896dc274e890eee27d41bd0e74ef31e60616f0fc311345184e \
    --hash=sha256:a26197957d8e4425dfba746315f3c425ea00cfa8367c5fbc4ec73447893dcea9 \
    --hash=sha256:ae848657742035523fdf261773630cb819a26995fcd3d9ecae0c1daf6e5a4959 \
    --hash=sha256:e03d6ffcbe0d56ee9c1ccd070e70a13fa750727c0277e138152acbc0252c2224 \
    --hash=sha256:e0948bbb1ac1d7cdfc9fb6d62c596e3b7550036ad60ecd654a66ad273326324e \
    --hash=sha256:e3d8f40ea6268047de7046906326abed5134f27d4e8447b23763afe5808c8a96 \
    --hash=sha256:e7bfaf995c1bdbbd21d13539decb6650967013759318627d85daeb7881af16b7 \
    --hash=sha256:ea5a0ce170074329faaa8ea3f6400ecde604b6678192688533af80980daae71a \
    --hash=sha256:f836ca703b89ae07919a309f9651f7a88fd5a33d5f718ba5ad0870ec0256bad6
    # via faster-whisper
tqdm==4.70.0 \
    --hash=sha256:55b0b0dbd97462d06ebee91e4dac24ed4d4702be82b24f07e6c1d27e08cea220 \
    --hash=sha256:7f585706bfddbdebf89daac705b2dfcc16890130727d3197ca62c732b4310953
    # via
    #   faster-whisper
    #   huggingface-hub
typing-extensions==4.16.0 \
    --hash=sha256:481caa481374e813c1b176ada14e97f1f67a4539ce9cfeb3f350d78d6370c2e8 \
    --hash=sha256:dc983d19a509c94dba722ee6abd33940f7c05a89e243c47e907eb4db6f1a43e5
    # via
    #   anyio
    #   huggingface-hub
